
Microsoft Visual Studio Solution File, Format Version 12.00
# Visual Studio Version 17
VisualStudioVersion = 17.0.31903.59
MinimumVisualStudioVersion = 10.0.40219.1
Project("{2150E333-8FDC-42A3-9474-1A3956D46DE8}") = "src", "src", "{827E0CD3-B72D-47B6-A68D-7590B98EB39B}"
EndProject
Project("{FAE04EC0-301F-11D3-BF4B-00C04F79EFBC}") = "DuckDoku.Api", "src\DuckDoku.Api\DuckDoku.Api.csproj", "{DD874E07-D4AA-4E00-A1E0-ABED95CE6993}"
EndProject
Project("{FAE04EC0-301F-11D3-BF4B-00C04F79EFBC}") = "DuckDoku.Contracts", "..\shared\DuckDoku.Contracts\DuckDoku.Contracts.csproj", "{6F03FB15-D598-4240-9648-EE9073F54015}"
EndProject
Project("{FAE04EC0-301F-11D3-BF4B-00C04F79EFBC}") = "DuckDoku.Puzzle", "..\shared\DuckDoku.Puzzle\DuckDoku.Puzzle.csproj", "{138AD320-EC1B-4947-84F5-589B30A055B4}"
EndProject
Project("{FAE04EC0-301F-11D3-BF4B-00C04F79EFBC}") = "DuckDoku.Puzzle.Tests", "..\shared\DuckDoku.Puzzle.Tests\DuckDoku.Puzzle.Tests.csproj", "{2701C42E-9C32-4D9C-BD86-D8F3443CF6FC}"
EndProject
Project("{2150E333-8FDC-42A3-9474-1A3956D46DE8}") = "tools", "tools", "{2D4FEF32-4BE7-459F-B4AF-E30AC92D1496}"
EndProject
Project("{FAE04EC0-301F-11D3-BF4B-00C04F79EFBC}") = "DuckDoku.LevelBaker", "..\tools\level-baker\DuckDoku.LevelBaker.csproj", "{991C619E-13DB-4907-9C70-548BB339863A}"
EndProject
Global
	GlobalSection(SolutionConfigurationPlatforms) = preSolution
		Debug|Any CPU = Debug|Any CPU
		Debug|x64 = Debug|x64
		Debug|x86 = Debug|x86
		Release|Any CPU = Release|Any CPU
		Release|x64 = Release|x64
		Release|x86 = Release|x86
	EndGlobalSection
	GlobalSection(ProjectConfigurationPlatforms) = postSolution
		{DD874E07-D4AA-4E00-A1E0-ABED95CE6993}.Debug|Any CPU.ActiveCfg = Debug|Any CPU
		{DD874E07-D4AA-4E00-A1E0-ABED95CE6993}.Debug|Any CPU.Build.0 = Debug|Any CPU
		{DD874E07-D4AA-4E00-A1E0-ABED95CE6993}.Debug|x64.ActiveCfg = Debug|Any CPU
		{DD874E07-D4AA-4E00-A1E0-ABED95CE6993}.Debug|x64.Build.0 = Debug|Any CPU
		{DD874E07-D4AA-4E00-A1E0-ABED95CE6993}.Debug|x86.ActiveCfg = Debug|Any CPU
		{DD874E07-D4AA-4E00-A1E0-ABED95CE6993}.Debug|x86.Build.0 = Debug|Any CPU
		{DD874E07-D4AA-4E00-A1E0-ABED95CE6993}.Release|Any CPU.ActiveCfg = Release|Any CPU
		{DD874E07-D4AA-4E00-A1E0-ABED95CE6993}.Release|Any CPU.Build.0 = Release|Any CPU
		{DD874E07-D4AA-4E00-A1E0-ABED95CE6993}.Release|x64.ActiveCfg = Release|Any CPU
		{DD874E07-D4AA-4E00-A1E0-ABED95CE6993}.Release|x64.Build.0 = Release|Any CPU
		{DD874E07-D4AA-4E00-A1E0-ABED95CE6993}.Release|x86.ActiveCfg = Release|Any CPU
		{DD874E07-D4AA-4E00-A1E0-ABED95CE6993}.Release|x86.Build.0 = Release|Any CPU
		{6F03FB15-D598-4240-9648-EE9073F54015}.Debug|Any CPU.ActiveCfg = Debug|Any CPU
		{6F03FB15-D598-4240-9648-EE9073F54015}.Debug|Any CPU.Build.0 = Debug|Any CPU
		{6F03FB15-D598-4240-9648-EE9073F54015}.Debug|x64.ActiveCfg = Debug|Any CPU
		{6F03FB15-D598-4240-9648-EE9073F54015}.Debug|x64.Build.0 = Debug|Any CPU
		{6F03FB15-D598-4240-9648-EE9073F54015}.Debug|x86.ActiveCfg = Debug|Any CPU
		{6F03FB15-D598-4240-9648-EE9073F54015}.Debug|x86.Build.0 = Debug|Any CPU
		{6F03FB15-D598-4240-9648-EE9073F54015}.Release|Any CPU.ActiveCfg = Release|Any CPU
		{6F03FB15-D598-4240-9648-EE9073F54015}.Release|Any CPU.Build.0 = Release|Any CPU
		{6F03FB15-D598-4240-9648-EE9073F54015}.Release|x64.ActiveCfg = Release|Any CPU
		{6F03FB15-D598-4240-9648-EE9073F54015}.Release|x64.Build.0 = Release|Any CPU
		{6F03FB15-D598-4240-9648-EE9073F54015}.Release|x86.ActiveCfg = Release|Any CPU
		{6F03FB15-D598-4240-9648-EE9073F54015}.Release|x86.Build.0 = Release|Any CPU
		{138AD320-EC1B-4947-84F5-589B30A055B4}.Debug|Any CPU.ActiveCfg = Debug|Any CPU
		{138AD320-EC1B-4947-84F5-589B30A055B4}.Debug|Any CPU.Build.0 = Debug|Any CPU
		{138AD320-EC1B-4947-84F5-589B30A055B4}.Debug|x64.ActiveCfg = Debug|Any CPU
		{138AD320-EC1B-4947-84F5-589B30A055B4}.Debug|x64.Build.0 = Debug|Any CPU
		{138AD320-EC1B-4947-84F5-589B30A055B4}.Debug|x86.ActiveCfg = Debug|Any CPU
		{138AD320-EC1B-4947-84F5-589B30A055B4}.Debug|x86.Build.0 = Debug|Any CPU
		{138AD320-EC1B-4947-84F5-589B30A055B4}.Release|Any CPU.ActiveCfg = Release|Any CPU
		{138AD320-EC1B-4947-84F5-589B30A055B4}.Release|Any CPU.Build.0 = Release|Any CPU
		{138AD320-EC1B-4947-84F5-589B30A055B4}.Release|x64.ActiveCfg = Release|Any CPU
		{138AD320-EC1B-4947-84F5-589B30A055B4}.Release|x64.Build.0 = Release|Any CPU
		{138AD320-EC1B-4947-84F5-589B30A055B4}.Release|x86.ActiveCfg = Release|Any CPU
		{138AD320-EC1B-4947-84F5-589B30A055B4}.Release|x86.Build.0 = Release|Any CPU
		{2701C42E-9C32-4D9C-BD86-D8F3443CF6FC}.Debug|Any CPU.ActiveCfg = Debug|Any CPU
		{2701C42E-9C32-4D9C-BD86-D8F3443CF6FC}.Debug|Any CPU.Build.0 = Debug|Any CPU
		{2701C42E-9C32-4D9C-BD86-D8F3443CF6FC}.Debug|x64.ActiveCfg = Debug|Any CPU
		{2701C42E-9C32-4D9C-BD86-D8F3443CF6FC}.Debug|x64.Build.0 = Debug|Any CPU
		{2701C42E-9C32-4D9C-BD86-D8F3443CF6FC}.Debug|x86.ActiveCfg = Debug|Any CPU
		{2701C42E-9C32-4D9C-BD86-D8F3443CF6FC}.Debug|x86.Build.0 = Debug|Any CPU
		{2701C42E-9C32-4D9C-BD86-D8F3443CF6FC}.Release|Any CPU.ActiveCfg = Release|Any CPU
		{2701C42E-9C32-4D9C-BD86-D8F3443CF6FC}.Release|Any CPU.Build.0 = Release|Any CPU
		{2701C42E-9C32-4D9C-BD86-D8F3443CF6FC}.Release|x64.ActiveCfg = Release|Any CPU
		{2701C42E-9C32-4D9C-BD86-D8F3443CF6FC}.Release|x64.Build.0 = Release|Any CPU
		{2701C42E-9C32-4D9C-BD86-D8F3443CF6FC}.Release|x86.ActiveCfg = Release|Any CPU
		{2701C42E-9C32-4D9C-BD86-D8F3443CF6FC}.Release|x86.Build.0 = Release|Any CPU
		{991C619E-13DB-4907-9C70-548BB339863A}.Debug|Any CPU.ActiveCfg = Debug|Any CPU
		{991C619E-13DB-4907-9C70-548BB339863A}.Debug|Any CPU.Build.0 = Debug|Any CPU
		{991C619E-13DB-4907-9C70-548BB339863A}.Debug|x64.ActiveCfg = Debug|Any CPU
		{991C619E-13DB-4907-9C70-548BB339863A}.Debug|x64.Build.0 = Debug|Any CPU
		{991C619E-13DB-4907-9C70-548BB339863A}.Debug|x86.ActiveCfg = Debug|Any CPU
		{991C619E-13DB-4907-9C70-548BB339863A}.Debug|x86.Build.0 = Debug|Any CPU
		{991C619E-13DB-4907-9C70-548BB339863A}.Release|Any CPU.ActiveCfg = Release|Any CPU
		{991C619E-13DB-4907-9C70-548BB339863A}.Release|Any CPU.Build.0 = Release|Any CPU
		{991C619E-13DB-4907-9C70-548BB339863A}.Release|x64.ActiveCfg = Release|Any CPU
		{991C619E-13DB-4907-9C70-548BB339863A}.Release|x64.Build.0 = Release|Any CPU
		{991C619E-13DB-4907-9C70-548BB339863A}.Release|x86.ActiveCfg = Release|Any CPU
		{991C619E-13DB-4907-9C70-548BB339863A}.Release|x86.Build.0 = Release|Any CPU
	EndGlobalSection
	GlobalSection(SolutionProperties) = preSolution
		HideSolutionNode = FALSE
	EndGlobalSection
	GlobalSection(NestedProjects) = preSolution
		{DD874E07-D4AA-4E00-A1E0-ABED95CE6993} = {827E0CD3-B72D-47B6-A68D-7590B98EB39B}
		{991C619E-13DB-4907-9C70-548BB339863A} = {2D4FEF32-4BE7-459F-B4AF-E30AC92D1496}
	EndGlobalSection
EndGlobal
